
Microsoft Visual Studio Solution File, Format Version 12.00
# Visual Studio Version 17
VisualStudioVersion = 17.10.35013.160
MinimumVisualStudioVersion = 10.0.40219.1
Project("{FAE04EC0-301F-11D3-BF4B-00C04F79EFBC}") = "2.WorkingMSSQL", "2.WorkingMSSQL\2.WorkingMSSQL.csproj", "{8FC6FD21-4C7A-44D6-A8BB-388373C3C1BD}"
EndProject
Global
	GlobalSection(SolutionConfigurationPlatforms) = preSolution
		Debug|Any CPU = Debug|Any CPU
		Release|Any CPU = Release|Any CPU
	EndGlobalSection
	GlobalSection(ProjectConfigurationPlatforms) = postSolution
		{8FC6FD21-4C7A-44D6-A8BB-388373C3C1BD}.Debug|Any CPU.ActiveCfg = Debug|Any CPU
		{8FC6FD21-4C7A-44D6-A8BB-388373C3C1BD}.Debug|Any CPU.Build.0 = Debug|Any CPU
		{8FC6FD21-4C7A-44D6-A8BB-388373C3C1BD}.Release|Any CPU.ActiveCfg = Release|Any CPU
		{8FC6FD21-4C7A-44D6-A8BB-388373C3C1BD}.Release|Any CPU.Build.0 = Release|Any CPU
	EndGlobalSection
	GlobalSection(SolutionProperties) = preSolution
		HideSolutionNode = FALSE
	EndGlobalSection
	GlobalSection(ExtensibilityGlobals) = postSolution
		SolutionGuid = {0C87800C-D7AD-44C9-8A32-E1C791D4E519}
	EndGlobalSection
EndGlobal
